{
  "name": "pogodnik",
  "version": "2.1.7",
  "lockfileVersion": 3,
  "requires": true,
  "packages": {
    "": {
      "name": "pogodnik",
      "version": "2.1.7",
      "dependencies": {
        "suncalc": "^2.0.2"
      }
    },
    "node_modules/suncalc": {
      "version": "2.0.2",
      "resolved": "https://registry.npmjs.org/suncalc/-/suncalc-2.0.2.tgz",
      "integrity": "sha512-cedP91TuhxggoERke/jLkUVr/VMUifEMz1OkxfBZezvOFQdk8LSe9CFv7/Ov0Frn2tc2YUs+44oSrXeNEyTyGQ=="
    }
  }
}
